
Microsoft Visual Studio Solution File, Format Version 12.00
# Visual Studio Version 17
VisualStudioVersion = 17.9.34728.123
MinimumVisualStudioVersion = 10.0.40219.1
Project("{FAE04EC0-301F-11D3-BF4B-00C04F79EFBC}") = "Ejercicio1-Muebles", "Ejercicio1-Muebles\Ejercicio1-Muebles.csproj", "{23C0077F-B603-4EA0-BBD6-0FC0938212BF}"
EndProject
<<<<<<< HEAD
Project("{FAE04EC0-301F-11D3-BF4B-00C04F79EFBC}") = "Ejercicio2Presupesto", "Ejercicio2Presupesto\Ejercicio2Presupesto.csproj", "{F2E053CF-FB4C-4111-A63E-20BA17571332}"
=======
Project("{FAE04EC0-301F-11D3-BF4B-00C04F79EFBC}") = "Ejercicio4", "Ejercicio4\Ejercicio4.csproj", "{335ABF33-7CA3-4150-99D2-CAEC519BE010}"
>>>>>>> 27b7f52d7f68376715baa2a625852cd67d25b99d
EndProject
Global
	GlobalSection(SolutionConfigurationPlatforms) = preSolution
		Debug|Any CPU = Debug|Any CPU
		Release|Any CPU = Release|Any CPU
	EndGlobalSection
	GlobalSection(ProjectConfigurationPlatforms) = postSolution
		{23C0077F-B603-4EA0-BBD6-0FC0938212BF}.Debug|Any CPU.ActiveCfg = Debug|Any CPU
		{23C0077F-B603-4EA0-BBD6-0FC0938212BF}.Debug|Any CPU.Build.0 = Debug|Any CPU
		{23C0077F-B603-4EA0-BBD6-0FC0938212BF}.Release|Any CPU.ActiveCfg = Release|Any CPU
		{23C0077F-B603-4EA0-BBD6-0FC0938212BF}.Release|Any CPU.Build.0 = Release|Any CPU
<<<<<<< HEAD
		{F2E053CF-FB4C-4111-A63E-20BA17571332}.Debug|Any CPU.ActiveCfg = Debug|Any CPU
		{F2E053CF-FB4C-4111-A63E-20BA17571332}.Debug|Any CPU.Build.0 = Debug|Any CPU
		{F2E053CF-FB4C-4111-A63E-20BA17571332}.Release|Any CPU.ActiveCfg = Release|Any CPU
		{F2E053CF-FB4C-4111-A63E-20BA17571332}.Release|Any CPU.Build.0 = Release|Any CPU
=======
		{335ABF33-7CA3-4150-99D2-CAEC519BE010}.Debug|Any CPU.ActiveCfg = Debug|Any CPU
		{335ABF33-7CA3-4150-99D2-CAEC519BE010}.Debug|Any CPU.Build.0 = Debug|Any CPU
		{335ABF33-7CA3-4150-99D2-CAEC519BE010}.Release|Any CPU.ActiveCfg = Release|Any CPU
		{335ABF33-7CA3-4150-99D2-CAEC519BE010}.Release|Any CPU.Build.0 = Release|Any CPU
>>>>>>> 27b7f52d7f68376715baa2a625852cd67d25b99d
	EndGlobalSection
	GlobalSection(SolutionProperties) = preSolution
		HideSolutionNode = FALSE
	EndGlobalSection
	GlobalSection(ExtensibilityGlobals) = postSolution
		SolutionGuid = {A7E22706-1052-403F-B2AF-6A5744399AC8}
	EndGlobalSection
EndGlobal
